<?xml version="1.0" encoding="utf-8"?>
<Project ToolsVersion="4.0" xmlns="http://schemas.microsoft.com/developer/msbuild/2003">
  <ItemGroup>
    <Filter Include="Header Files">
      <UniqueIdentifier>{93995380-89BD-4b04-88EB-625FBE52EBFB}</UniqueIdentifier>
      <Extensions>h;hpp;hxx;hm;inl;inc;xsd</Extensions>
    </Filter>
    <Filter Include="Resource Files">
      <UniqueIdentifier>{67DA6AB6-F800-4c08-8B7A-83BB121AAD01}</UniqueIdentifier>
      <Extensions>rc;ico;cur;bmp;dlg;rc2;rct;bin;rgs;gif;jpg;jpeg;jpe;resx</Extensions>
    </Filter>
    <Filter Include="Source Files">
      <UniqueIdentifier>{4FC737F1-C7A5-4376-A066-2A32D752A2FF}</UniqueIdentifier>
      <Extensions>cpp;c;cc;cxx;def;odl;idl;hpj;bat;asm;asmx</Extensions>
    </Filter>
    <Filter Include="Test Suites">
      <UniqueIdentifier>{0d91c528-a1d3-4f3a-9097-1e5ded5c46bc}</UniqueIdentifier>
    </Filter>
  </ItemGroup>
  <ItemGroup>
    <ClInclude Include="Source\horizon\sub\Access.h">
      <Filter>Header Files</Filter>
    </ClInclude>
    <ClInclude Include="Source\horizon\sub\Adcs.h">
      <Filter>Header Files</Filter>
    </ClInclude>
    <ClInclude Include="include\luabind\luabind\adopt_policy.hpp">
      <Filter>Header Files</Filter>
    </ClInclude>
    <ClInclude Include="Source\horizon\Asset.h">
      <Filter>Header Files</Filter>
    </ClInclude>
    <ClInclude Include="Source\horizon\io\xml\AssetNode.h">
      <Filter>Header Files</Filter>
    </ClInclude>
    <ClInclude Include="Source\horizon\assetSchedule.h">
      <Filter>Header Files</Filter>
    </ClInclude>
    <ClInclude Include="include\luabind\luabind\back_reference.hpp">
      <Filter>Header Files</Filter>
    </ClInclude>
    <ClInclude Include="include\luabind\luabind\back_reference_fwd.hpp">
      <Filter>Header Files</Filter>
    </ClInclude>
    <ClInclude Include="include\luabind\luabind\detail\calc_arity.hpp">
      <Filter>Header Files</Filter>
    </ClInclude>
    <ClInclude Include="include\luabind\luabind\detail\call.hpp">
      <Filter>Header Files</Filter>
    </ClInclude>
    <ClInclude Include="include\luabind\luabind\detail\call_function.hpp">
      <Filter>Header Files</Filter>
    </ClInclude>
    <ClInclude Include="include\luabind\luabind\detail\call_member.hpp">
      <Filter>Header Files</Filter>
    </ClInclude>
    <ClInclude Include="include\luabind\luabind\detail\call_operator_iterate.hpp">
      <Filter>Header Files</Filter>
    </ClInclude>
    <ClInclude Include="include\luabind\luabind\class.hpp">
      <Filter>Header Files</Filter>
    </ClInclude>
    <ClInclude Include="include\luabind\luabind\detail\class_cache.hpp">
      <Filter>Header Files</Filter>
    </ClInclude>
    <ClInclude Include="include\luabind\luabind\class_info.hpp">
      <Filter>Header Files</Filter>
    </ClInclude>
    <ClInclude Include="include\luabind\luabind\detail\class_registry.hpp">
      <Filter>Header Files</Filter>
    </ClInclude>
    <ClInclude Include="include\luabind\luabind\detail\class_rep.hpp">
      <Filter>Header Files</Filter>
    </ClInclude>
    <ClInclude Include="Source\horizon\geom\CloudCover.h">
      <Filter>Header Files</Filter>
    </ClInclude>
    <ClInclude Include="Source\horizon\sub\Comm.h">
      <Filter>Header Files</Filter>
    </ClInclude>
    <ClInclude Include="include\luabind\luabind\config.hpp">
      <Filter>Header Files</Filter>
    </ClInclude>
    <ClInclude Include="Source\horizon\Constraint.h">
      <Filter>Header Files</Filter>
    </ClInclude>
    <ClInclude Include="Source\horizon\util\adapt\ConstraintAdapter.h">
      <Filter>Header Files</Filter>
    </ClInclude>
    <ClInclude Include="include\luabind\luabind\detail\construct_rep.hpp">
      <Filter>Header Files</Filter>
    </ClInclude>
    <ClInclude Include="include\luabind\luabind\detail\constructor.hpp">
      <Filter>Header Files</Filter>
    </ClInclude>
    <ClInclude Include="include\luabind\luabind\container_policy.hpp">
      <Filter>Header Files</Filter>
    </ClInclude>
    <ClInclude Include="include\luabind\luabind\detail\convert_to_lua.hpp">
      <Filter>Header Files</Filter>
    </ClInclude>
    <ClInclude Include="include\luabind\luabind\copy_policy.hpp">
      <Filter>Header Files</Filter>
    </ClInclude>
    <ClInclude Include="Source\horizon\net\encode\dataEncoder.h">
      <Filter>Header Files</Filter>
    </ClInclude>
    <ClInclude Include="include\luabind\luabind\detail\debug.hpp">
      <Filter>Header Files</Filter>
    </ClInclude>
    <ClInclude Include="include\luabind\luabind\detail\decorate_type.hpp">
      <Filter>Header Files</Filter>
    </ClInclude>
    <ClInclude Include="Source\horizon\sub\dep\Dependencies.h">
      <Filter>Header Files</Filter>
    </ClInclude>
    <ClInclude Include="include\luabind\luabind\dependency_policy.hpp">
      <Filter>Header Files</Filter>
    </ClInclude>
    <ClInclude Include="Source\horizon\util\adapt\DependencyAdapter.h">
      <Filter>Header Files</Filter>
    </ClInclude>
    <ClInclude Include="include\luabind\luabind\discard_result_policy.hpp">
      <Filter>Header Files</Filter>
    </ClInclude>
    <ClInclude Include="Documentation\DocComments.h">
      <Filter>Header Files</Filter>
    </ClInclude>
    <ClInclude Include="include\luabind\luabind\detail\enum_maker.hpp">
      <Filter>Header Files</Filter>
    </ClInclude>
    <ClInclude Include="Source\horizon\geom\Environment.h">
      <Filter>Header Files</Filter>
    </ClInclude>
    <ClInclude Include="Source\horizon\util\eoms\EOMS.h">
      <Filter>Header Files</Filter>
    </ClInclude>
    <ClInclude Include="Source\horizon\util\adapt\EOMSAdapter.h">
      <Filter>Header Files</Filter>
    </ClInclude>
    <ClInclude Include="Source\horizon\util\eoms\EOMSInput.h">
      <Filter>Header Files</Filter>
    </ClInclude>
    <ClInclude Include="Source\horizon\sub\EOSensor.h">
      <Filter>Header Files</Filter>
    </ClInclude>
    <ClInclude Include="include\luabind\luabind\error.hpp">
      <Filter>Header Files</Filter>
    </ClInclude>
    <ClInclude Include="Source\horizon\Event.h">
      <Filter>Header Files</Filter>
    </ClInclude>
    <ClInclude Include="include\luabind\luabind\detail\find_best_match.hpp">
      <Filter>Header Files</Filter>
    </ClInclude>
    <ClInclude Include="include\luabind\luabind\from_stack.hpp">
      <Filter>Header Files</Filter>
    </ClInclude>
    <ClInclude Include="include\luabind\luabind\function.hpp">
      <Filter>Header Files</Filter>
    </ClInclude>
    <ClInclude Include="include\luabind\luabind\detail\garbage_collector.hpp">
      <Filter>Header Files</Filter>
    </ClInclude>
    <ClInclude Include="Source\horizon\constraints\GenericConstraint.h">
      <Filter>Header Files</Filter>
    </ClInclude>
    <ClInclude Include="Source\horizon\genSchedules.h">
      <Filter>Header Files</Filter>
    </ClInclude>
    <ClInclude Include="Source\horizon\geom\geomAccess.h">
      <Filter>Header Files</Filter>
    </ClInclude>
    <ClInclude Include="Source\horizon\geom\geomUtil.h">
      <Filter>Header Files</Filter>
    </ClInclude>
    <ClInclude Include="include\luabind\luabind\detail\get_overload_signature.hpp">
      <Filter>Header Files</Filter>
    </ClInclude>
    <ClInclude Include="include\luabind\luabind\get_pointer.hpp">
      <Filter>Header Files</Filter>
    </ClInclude>
    <ClInclude Include="include\luabind\luabind\detail\get_signature.hpp">
      <Filter>Header Files</Filter>
    </ClInclude>
    <ClInclude Include="include\luabind\luabind\handle.hpp">
      <Filter>Header Files</Filter>
    </ClInclude>
    <ClInclude Include="Source\horizon\net\handler\HandlerType.h">
      <Filter>Header Files</Filter>
    </ClInclude>
    <ClInclude Include="include\luabind\luabind\detail\has_get_pointer.hpp">
      <Filter>Header Files</Filter>
    </ClInclude>
    <ClInclude Include="include\luabind\luabind\detail\implicit_cast.hpp">
      <Filter>Header Files</Filter>
    </ClInclude>
    <ClInclude Include="Source\horizon\util\integrate\Integrator.h">
      <Filter>Header Files</Filter>
    </ClInclude>
    <ClInclude Include="Source\horizon\util\integrate\integratorArgs.h">
      <Filter>Header Files</Filter>
    </ClInclude>
    <ClInclude Include="Source\horizon\util\integrate\integratorResult.h">
      <Filter>Header Files</Filter>
    </ClInclude>
    <ClInclude Include="include\luabind\luabind\detail\is_indirect_const.hpp">
      <Filter>Header Files</Filter>
    </ClInclude>
    <ClInclude Include="include\luabind\luabind\iterator_policy.hpp">
      <Filter>Header Files</Filter>
    </ClInclude>
    <ClInclude Include="include\lua5_1_2\src\lapi.h">
      <Filter>Header Files</Filter>
    </ClInclude>
    <ClInclude Include="include\lua5_1_2\src\lauxlib.h">
      <Filter>Header Files</Filter>
    </ClInclude>
    <ClInclude Include="include\lua5_1_2\src\lcode.h">
      <Filter>Header Files</Filter>
    </ClInclude>
    <ClInclude Include="include\lua5_1_2\src\ldebug.h">
      <Filter>Header Files</Filter>
    </ClInclude>
    <ClInclude Include="include\lua5_1_2\src\ldo.h">
      <Filter>Header Files</Filter>
    </ClInclude>
    <ClInclude Include="include\lua5_1_2\src\lfunc.h">
      <Filter>Header Files</Filter>
    </ClInclude>
    <ClInclude Include="include\lua5_1_2\src\lgc.h">
      <Filter>Header Files</Filter>
    </ClInclude>
    <ClInclude Include="include\luabind\luabind\detail\link_compatibility.hpp">
      <Filter>Header Files</Filter>
    </ClInclude>
    <ClInclude Include="include\lua5_1_2\src\llex.h">
      <Filter>Header Files</Filter>
    </ClInclude>
    <ClInclude Include="include\lua5_1_2\src\llimits.h">
      <Filter>Header Files</Filter>
    </ClInclude>
    <ClInclude Include="include\lua5_1_2\src\lmem.h">
      <Filter>Header Files</Filter>
    </ClInclude>
    <ClInclude Include="Source\loadInputs.h">
      <Filter>Header Files</Filter>
    </ClInclude>
    <ClInclude Include="include\lua5_1_2\src\lobject.h">
      <Filter>Header Files</Filter>
    </ClInclude>
    <ClInclude Include="Source\horizon\log\Logger.h">
      <Filter>Header Files</Filter>
    </ClInclude>
    <ClInclude Include="include\lua5_1_2\src\lopcodes.h">
      <Filter>Header Files</Filter>
    </ClInclude>
    <ClInclude Include="include\lua5_1_2\src\lparser.h">
      <Filter>Header Files</Filter>
    </ClInclude>
    <ClInclude Include="include\lua5_1_2\src\lstate.h">
      <Filter>Header Files</Filter>
    </ClInclude>
    <ClInclude Include="include\lua5_1_2\src\lstring.h">
      <Filter>Header Files</Filter>
    </ClInclude>
    <ClInclude Include="include\lua5_1_2\src\ltable.h">
      <Filter>Header Files</Filter>
    </ClInclude>
    <ClInclude Include="include\lua5_1_2\src\ltm.h">
      <Filter>Header Files</Filter>
    </ClInclude>
    <ClInclude Include="include\lua5_1_2\src\lua.h">
      <Filter>Header Files</Filter>
    </ClInclude>
    <ClInclude Include="include\lua5_1_2\src\lua.hpp">
      <Filter>Header Files</Filter>
    </ClInclude>
    <ClInclude Include="include\luabind\luabind\lua_include.hpp">
      <Filter>Header Files</Filter>
    </ClInclude>
    <ClInclude Include="include\luabind\luabind\luabind.hpp">
      <Filter>Header Files</Filter>
    </ClInclude>
    <ClInclude Include="include\lua5_1_2\src\luaconf.h">
      <Filter>Header Files</Filter>
    </ClInclude>
    <ClInclude Include="Source\horizon\script\luaDefs.h">
      <Filter>Header Files</Filter>
    </ClInclude>
    <ClInclude Include="include\lua5_1_2\src\lualib.h">
      <Filter>Header Files</Filter>
    </ClInclude>
    <ClInclude Include="include\lua5_1_2\src\lundump.h">
      <Filter>Header Files</Filter>
    </ClInclude>
    <ClInclude Include="include\lua5_1_2\src\lvm.h">
      <Filter>Header Files</Filter>
    </ClInclude>
    <ClInclude Include="include\lua5_1_2\src\lzio.h">
      <Filter>Header Files</Filter>
    </ClInclude>
    <ClInclude Include="Source\horizon\util\Matrix.h">
      <Filter>Header Files</Filter>
    </ClInclude>
    <ClInclude Include="Source\horizon\util\matrixIndex.h">
      <Filter>Header Files</Filter>
    </ClInclude>
    <ClInclude Include="Source\horizon\constraints\maxBatteryDOD.h">
      <Filter>Header Files</Filter>
    </ClInclude>
    <ClInclude Include="Source\horizon\constraints\maxDataBuffer.h">
      <Filter>Header Files</Filter>
    </ClInclude>
    <ClInclude Include="include\luabind\luabind\detail\method_rep.hpp">
      <Filter>Header Files</Filter>
    </ClInclude>
    <ClInclude Include="include\luabind\luabind\detail\most_derived.hpp">
      <Filter>Header Files</Filter>
    </ClInclude>
    <ClInclude Include="Source\horizon\MultiThreadedScheduler.h">
      <Filter>Header Files</Filter>
    </ClInclude>
    <ClInclude Include="Source\horizon\net\NetworkDataClient.h">
      <Filter>Header Files</Filter>
    </ClInclude>
    <ClInclude Include="Source\horizon\net\sub\NetworkedSubsystem.h">
      <Filter>Header Files</Filter>
    </ClInclude>
    <ClInclude Include="include\luabind\luabind\nil.hpp">
      <Filter>Header Files</Filter>
    </ClInclude>
    <ClInclude Include="Source\horizon\sub\dep\NodeDependencies.h">
      <Filter>Header Files</Filter>
    </ClInclude>
    <ClInclude Include="include\luabind\luabind\object.hpp">
      <Filter>Header Files</Filter>
    </ClInclude>
    <ClInclude Include="include\luabind\luabind\detail\object_call.hpp">
      <Filter>Header Files</Filter>
    </ClInclude>
    <ClInclude Include="include\luabind\luabind\detail\object_funs.hpp">
      <Filter>Header Files</Filter>
    </ClInclude>
    <ClInclude Include="include\luabind\luabind\detail\object_rep.hpp">
      <Filter>Header Files</Filter>
    </ClInclude>
    <ClInclude Include="include\luabind\luabind\detail\open.hpp">
      <Filter>Header Files</Filter>
    </ClInclude>
    <ClInclude Include="include\luabind\luabind\open.hpp">
      <Filter>Header Files</Filter>
    </ClInclude>
    <ClInclude Include="include\luabind\luabind\operator.hpp">
      <Filter>Header Files</Filter>
    </ClInclude>
    <ClInclude Include="include\luabind\luabind\detail\operator_id.hpp">
      <Filter>Header Files</Filter>
    </ClInclude>
    <ClInclude Include="Source\horizon\util\eoms\orbital_EOMS.h">
      <Filter>Header Files</Filter>
    </ClInclude>
    <ClInclude Include="Source\horizon\util\eoms\orbital_EOMS_J2.h">
      <Filter>Header Files</Filter>
    </ClInclude>
    <ClInclude Include="Source\horizon\util\eoms\orbital_EOMS_TEST.h">
      <Filter>Header Files</Filter>
    </ClInclude>
    <ClInclude Include="include\luabind\luabind\detail\other.hpp">
      <Filter>Header Files</Filter>
    </ClInclude>
    <ClInclude Include="include\luabind\luabind\out_value_policy.hpp">
      <Filter>Header Files</Filter>
    </ClInclude>
    <ClInclude Include="include\luabind\luabind\detail\overload_rep.hpp">
      <Filter>Header Files</Filter>
    </ClInclude>
    <ClInclude Include="include\luabind\luabind\detail\overload_rep_base.hpp">
      <Filter>Header Files</Filter>
    </ClInclude>
    <ClInclude Include="include\luabind\luabind\detail\pcall.hpp">
      <Filter>Header Files</Filter>
    </ClInclude>
    <ClInclude Include="include\luabind\luabind\detail\pointee_sizeof.hpp">
      <Filter>Header Files</Filter>
    </ClInclude>
    <ClInclude Include="include\luabind\luabind\detail\pointee_typeid.hpp">
      <Filter>Header Files</Filter>
    </ClInclude>
    <ClInclude Include="include\luabind\luabind\detail\policy.hpp">
      <Filter>Header Files</Filter>
    </ClInclude>
    <ClInclude Include="Source\horizon\util\eoms\polyEOMSInput.h">
      <Filter>Header Files</Filter>
    </ClInclude>
    <ClInclude Include="Source\horizon\geom\Position.h">
      <Filter>Header Files</Filter>
    </ClInclude>
    <ClInclude Include="Source\horizon\sub\Power.h">
      <Filter>Header Files</Filter>
    </ClInclude>
    <ClInclude Include="include\luabind\luabind\prefix.hpp">
      <Filter>Header Files</Filter>
    </ClInclude>
    <ClInclude Include="include\luabind\luabind\detail\primitives.hpp">
      <Filter>Header Files</Filter>
    </ClInclude>
    <ClInclude Include="Source\printFunc.h">
      <Filter>Header Files</Filter>
    </ClInclude>
    <ClInclude Include="Source\horizon\util\Profile.h">
      <Filter>Header Files</Filter>
    </ClInclude>
    <ClInclude Include="include\luabind\luabind\detail\property.hpp">
      <Filter>Header Files</Filter>
    </ClInclude>
    <ClInclude Include="Source\horizon\eval\QuantitativeScheduleEvaluator.h">
      <Filter>Header Files</Filter>
    </ClInclude>
    <ClInclude Include="Source\horizon\util\Quat.h">
      <Filter>Header Files</Filter>
    </ClInclude>
    <ClInclude Include="include\luabind\luabind\raw_policy.hpp">
      <Filter>Header Files</Filter>
    </ClInclude>
    <ClInclude Include="include\luabind\luabind\detail\ref.hpp">
      <Filter>Header Files</Filter>
    </ClInclude>
    <ClInclude Include="Source\horizon\script\register.h">
      <Filter>Header Files</Filter>
    </ClInclude>
    <ClInclude Include="include\luabind\luabind\return_reference_to_policy.hpp">
      <Filter>Header Files</Filter>
    </ClInclude>
    <ClInclude Include="Source\schedParams.h">
      <Filter>Header Files</Filter>
    </ClInclude>
    <ClInclude Include="Source\horizon\io\scheduleDataWriter.h">
      <Filter>Header Files</Filter>
    </ClInclude>
    <ClInclude Include="Source\horizon\eval\ScheduleEvaluator.h">
      <Filter>Header Files</Filter>
    </ClInclude>
    <ClInclude Include="Source\horizon\util\adapt\ScheduleEvaluatorAdapter.h">
      <Filter>Header Files</Filter>
    </ClInclude>
    <ClInclude Include="Source\horizon\Scheduler.h">
      <Filter>Header Files</Filter>
    </ClInclude>
    <ClInclude Include="include\luabind\luabind\scope.hpp">
      <Filter>Header Files</Filter>
    </ClInclude>
    <ClInclude Include="Source\horizon\util\eoms\ScriptedEOMS.h">
      <Filter>Header Files</Filter>
    </ClInclude>
    <ClInclude Include="Source\horizon\script\ScriptedObject.h">
      <Filter>Header Files</Filter>
    </ClInclude>
    <ClInclude Include="Source\horizon\eval\ScriptedScheduleEvaluator.h">
      <Filter>Header Files</Filter>
    </ClInclude>
    <ClInclude Include="Source\horizon\sub\script\ScriptedSubsystem.h">
      <Filter>Header Files</Filter>
    </ClInclude>
    <ClInclude Include="Source\horizon\script\ScriptingUtil.h">
      <Filter>Header Files</Filter>
    </ClInclude>
    <ClInclude Include="Source\boost\shared_ptr.hpp">
      <Filter>Header Files</Filter>
    </ClInclude>
    <ClInclude Include="include\luabind\luabind\detail\signature_match.hpp">
      <Filter>Header Files</Filter>
    </ClInclude>
    <ClInclude Include="Source\simParams.h">
      <Filter>Header Files</Filter>
    </ClInclude>
    <ClInclude Include="Source\horizon\net\sockets\Socket.h">
      <Filter>Header Files</Filter>
    </ClInclude>
    <ClInclude Include="Source\horizon\net\sockets\SocketClient.h">
      <Filter>Header Files</Filter>
    </ClInclude>
    <ClInclude Include="Source\horizon\util\spline\Spline.h">
      <Filter>Header Files</Filter>
    </ClInclude>
    <ClInclude Include="Source\horizon\sub\Ssdr.h">
      <Filter>Header Files</Filter>
    </ClInclude>
    <ClInclude Include="include\luabind\luabind\detail\stack_utils.hpp">
      <Filter>Header Files</Filter>
    </ClInclude>
    <ClInclude Include="Source\horizon\State.h">
      <Filter>Header Files</Filter>
    </ClInclude>
    <ClInclude Include="Source\horizon\util\eoms\stateSpace_EOMS.h">
      <Filter>Header Files</Filter>
    </ClInclude>
    <ClInclude Include="Source\horizon\stdint.h">
      <Filter>Header Files</Filter>
    </ClInclude>
    <ClInclude Include="Source\horizon\net\sub\SubServerMessage.h">
      <Filter>Header Files</Filter>
    </ClInclude>
    <ClInclude Include="Source\horizon\Subsystem.h">
      <Filter>Header Files</Filter>
    </ClInclude>
    <ClInclude Include="Source\horizon\util\adapt\SubsystemAdapter.h">
      <Filter>Header Files</Filter>
    </ClInclude>
    <ClInclude Include="Source\horizon\io\xml\SubsystemDataNode.h">
      <Filter>Header Files</Filter>
    </ClInclude>
    <ClInclude Include="Source\horizon\sub\SubsystemKeys.h">
      <Filter>Header Files</Filter>
    </ClInclude>
    <ClInclude Include="Source\horizon\SubsystemNode.h">
      <Filter>Header Files</Filter>
    </ClInclude>
    <ClInclude Include="Source\horizon\sub\script\SubsystemParameters.h">
      <Filter>Header Files</Filter>
    </ClInclude>
    <ClInclude Include="Source\horizon\geom\Sun.h">
      <Filter>Header Files</Filter>
    </ClInclude>
    <ClInclude Include="Source\horizon\System.h">
      <Filter>Header Files</Filter>
    </ClInclude>
    <ClInclude Include="Source\horizon\systemSchedule.h">
      <Filter>Header Files</Filter>
    </ClInclude>
    <ClInclude Include="Source\horizon\Target.h">
      <Filter>Header Files</Filter>
    </ClInclude>
    <ClInclude Include="Source\horizon\eval\TargetValueScheduleEvaluator.h">
      <Filter>Header Files</Filter>
    </ClInclude>
    <ClInclude Include="Source\horizon\Task.h">
      <Filter>Header Files</Filter>
    </ClInclude>
    <ClInclude Include="Source\horizon\util\tnt\tnt_array1d.h">
      <Filter>Header Files</Filter>
    </ClInclude>
    <ClInclude Include="Source\horizon\util\tnt\tnt_array1d_utils.h">
      <Filter>Header Files</Filter>
    </ClInclude>
    <ClInclude Include="Source\horizon\util\tnt\tnt_array2d.h">
      <Filter>Header Files</Filter>
    </ClInclude>
    <ClInclude Include="Source\horizon\util\tnt\tnt_array2d_utils.h">
      <Filter>Header Files</Filter>
    </ClInclude>
    <ClInclude Include="Source\horizon\util\tnt\tnt_eig.h">
      <Filter>Header Files</Filter>
    </ClInclude>
    <ClInclude Include="Source\horizon\util\tnt\tnt_i_refvec.h">
      <Filter>Header Files</Filter>
    </ClInclude>
    <ClInclude Include="Source\horizon\util\tnt\tnt_math_utils.h">
      <Filter>Header Files</Filter>
    </ClInclude>
    <ClInclude Include="Source\horizon\util\tnt\tnt_svd.h">
      <Filter>Header Files</Filter>
    </ClInclude>
    <ClInclude Include="include\luabind\luabind\detail\typetraits.hpp">
      <Filter>Header Files</Filter>
    </ClInclude>
    <ClInclude Include="Source\horizon\util\umath.h">
      <Filter>Header Files</Filter>
    </ClInclude>
    <ClInclude Include="Source\horizon\util\util.h">
      <Filter>Header Files</Filter>
    </ClInclude>
    <ClInclude Include="include\luabind\luabind\value_wrapper.hpp">
      <Filter>Header Files</Filter>
    </ClInclude>
    <ClInclude Include="include\luabind\luabind\weak_ref.hpp">
      <Filter>Header Files</Filter>
    </ClInclude>
    <ClInclude Include="include\luabind\luabind\wrapper_base.hpp">
      <Filter>Header Files</Filter>
    </ClInclude>
    <ClInclude Include="Source\horizon\io\xml\xmlDataWriter.h">
      <Filter>Header Files</Filter>
    </ClInclude>
    <ClInclude Include="Source\horizon\io\xml\xmlNode.h">
      <Filter>Header Files</Filter>
    </ClInclude>
    <ClInclude Include="Source\horizon\io\xmlParser.h">
      <Filter>Header Files</Filter>
    </ClInclude>
    <ClInclude Include="include\luabind\luabind\detail\yes_no.hpp">
      <Filter>Header Files</Filter>
    </ClInclude>
    <ClInclude Include="include\luabind\luabind\yield_policy.hpp">
      <Filter>Header Files</Filter>
    </ClInclude>
  </ItemGroup>
  <ItemGroup>
    <ClCompile Include="Source\simParams.cpp">
      <Filter>Header Files</Filter>
    </ClCompile>
    <ClCompile Include="Source\horizon\sub\Access.cpp">
      <Filter>Source Files</Filter>
    </ClCompile>
    <ClCompile Include="Source\horizon\sub\Adcs.cpp">
      <Filter>Source Files</Filter>
    </ClCompile>
    <ClCompile Include="Source\horizon\Asset.cpp">
      <Filter>Source Files</Filter>
    </ClCompile>
    <ClCompile Include="Source\horizon\assetSchedule.cpp">
      <Filter>Source Files</Filter>
    </ClCompile>
    <ClCompile Include="include\luabind\src\class.cpp">
      <Filter>Source Files</Filter>
    </ClCompile>
    <ClCompile Include="include\luabind\src\class_info.cpp">
      <Filter>Source Files</Filter>
    </ClCompile>
    <ClCompile Include="include\luabind\src\class_registry.cpp">
      <Filter>Source Files</Filter>
    </ClCompile>
    <ClCompile Include="include\luabind\src\class_rep.cpp">
      <Filter>Source Files</Filter>
    </ClCompile>
    <ClCompile Include="Source\horizon\geom\CloudCover.cpp">
      <Filter>Source Files</Filter>
    </ClCompile>
    <ClCompile Include="Source\horizon\sub\Comm.cpp">
      <Filter>Source Files</Filter>
    </ClCompile>
    <ClCompile Include="Source\horizon\Constraint.cpp">
      <Filter>Source Files</Filter>
    </ClCompile>
    <ClCompile Include="Source\horizon\util\adapt\ConstraintAdapter.cpp">
      <Filter>Source Files</Filter>
    </ClCompile>
    <ClCompile Include="include\luabind\src\create_class.cpp">
      <Filter>Source Files</Filter>
    </ClCompile>
    <ClCompile Include="Source\horizon\net\encode\dataEncoder.cpp">
      <Filter>Source Files</Filter>
    </ClCompile>
    <ClCompile Include="Profiler\DbgProfiler.cpp">
      <Filter>Source Files</Filter>
    </ClCompile>
    <ClCompile Include="Source\horizon\sub\dep\Dependencies.cpp">
      <Filter>Source Files</Filter>
    </ClCompile>
    <ClCompile Include="Source\horizon\util\adapt\DependencyAdapter.cpp">
      <Filter>Source Files</Filter>
    </ClCompile>
    <ClCompile Include="Source\horizon\geom\Environment.cpp">
      <Filter>Source Files</Filter>
    </ClCompile>
    <ClCompile Include="Source\horizon\util\eoms\EOMS.cpp">
      <Filter>Source Files</Filter>
    </ClCompile>
    <ClCompile Include="Source\horizon\util\adapt\EOMSAdapter.cpp">
      <Filter>Source Files</Filter>
    </ClCompile>
    <ClCompile Include="Source\horizon\util\eoms\EOMSInput.cpp">
      <Filter>Source Files</Filter>
    </ClCompile>
    <ClCompile Include="Source\horizon\sub\EOSensor.cpp">
      <Filter>Source Files</Filter>
    </ClCompile>
    <ClCompile Include="include\luabind\src\error.cpp">
      <Filter>Source Files</Filter>
    </ClCompile>
    <ClCompile Include="Source\horizon\Event.cpp">
      <Filter>Source Files</Filter>
    </ClCompile>
    <ClCompile Include="include\luabind\src\exception_handler.cpp">
      <Filter>Source Files</Filter>
    </ClCompile>
    <ClCompile Include="include\luabind\src\find_best_match.cpp">
      <Filter>Source Files</Filter>
    </ClCompile>
    <ClCompile Include="include\luabind\src\function.cpp">
      <Filter>Source Files</Filter>
    </ClCompile>
    <ClCompile Include="Source\horizon\genSchedules.cpp">
      <Filter>Source Files</Filter>
    </ClCompile>
    <ClCompile Include="Source\horizon\geom\geomAccess.cpp">
      <Filter>Source Files</Filter>
    </ClCompile>
    <ClCompile Include="Source\horizon\geom\geomUtil.cpp">
      <Filter>Source Files</Filter>
    </ClCompile>
    <ClCompile Include="include\luabind\src\implicit_cast.cpp">
      <Filter>Source Files</Filter>
    </ClCompile>
    <ClCompile Include="Source\horizon\util\integrate\Integrator.cpp">
      <Filter>Source Files</Filter>
    </ClCompile>
    <ClCompile Include="Source\horizon\util\integrate\integratorArgs.cpp">
      <Filter>Source Files</Filter>
    </ClCompile>
    <ClCompile Include="Source\horizon\util\integrate\integratorResult.cpp">
      <Filter>Source Files</Filter>
    </ClCompile>
    <ClCompile Include="include\lua5_1_2\src\lapi.c">
      <Filter>Source Files</Filter>
    </ClCompile>
    <ClCompile Include="include\lua5_1_2\src\lauxlib.c">
      <Filter>Source Files</Filter>
    </ClCompile>
    <ClCompile Include="include\lua5_1_2\src\lbaselib.c">
      <Filter>Source Files</Filter>
    </ClCompile>
    <ClCompile Include="include\lua5_1_2\src\lcode.c">
      <Filter>Source Files</Filter>
    </ClCompile>
    <ClCompile Include="include\lua5_1_2\src\ldblib.c">
      <Filter>Source Files</Filter>
    </ClCompile>
    <ClCompile Include="include\lua5_1_2\src\ldebug.c">
      <Filter>Source Files</Filter>
    </ClCompile>
    <ClCompile Include="include\lua5_1_2\src\ldo.c">
      <Filter>Source Files</Filter>
    </ClCompile>
    <ClCompile Include="include\lua5_1_2\src\ldump.c">
      <Filter>Source Files</Filter>
    </ClCompile>
    <ClCompile Include="include\lua5_1_2\src\lfunc.c">
      <Filter>Source Files</Filter>
    </ClCompile>
    <ClCompile Include="include\lua5_1_2\src\lgc.c">
      <Filter>Source Files</Filter>
    </ClCompile>
    <ClCompile Include="include\lua5_1_2\src\linit.c">
      <Filter>Source Files</Filter>
    </ClCompile>
    <ClCompile Include="include\luabind\src\link_compatibility.cpp">
      <Filter>Source Files</Filter>
    </ClCompile>
    <ClCompile Include="include\lua5_1_2\src\liolib.c">
      <Filter>Source Files</Filter>
    </ClCompile>
    <ClCompile Include="include\lua5_1_2\src\llex.c">
      <Filter>Source Files</Filter>
    </ClCompile>
    <ClCompile Include="include\lua5_1_2\src\lmathlib.c">
      <Filter>Source Files</Filter>
    </ClCompile>
    <ClCompile Include="include\lua5_1_2\src\lmem.c">
      <Filter>Source Files</Filter>
    </ClCompile>
    <ClCompile Include="Source\loadInputs.cpp">
      <Filter>Source Files</Filter>
    </ClCompile>
    <ClCompile Include="include\lua5_1_2\src\loadlib.c">
      <Filter>Source Files</Filter>
    </ClCompile>
    <ClCompile Include="include\lua5_1_2\src\lobject.c">
      <Filter>Source Files</Filter>
    </ClCompile>
    <ClCompile Include="Source\horizon\log\Logger.cpp">
      <Filter>Source Files</Filter>
    </ClCompile>
    <ClCompile Include="include\lua5_1_2\src\lopcodes.c">
      <Filter>Source Files</Filter>
    </ClCompile>
    <ClCompile Include="include\lua5_1_2\src\loslib.c">
      <Filter>Source Files</Filter>
    </ClCompile>
    <ClCompile Include="include\lua5_1_2\src\lparser.c">
      <Filter>Source Files</Filter>
    </ClCompile>
    <ClCompile Include="include\lua5_1_2\src\lstate.c">
      <Filter>Source Files</Filter>
    </ClCompile>
    <ClCompile Include="include\lua5_1_2\src\lstring.c">
      <Filter>Source Files</Filter>
    </ClCompile>
    <ClCompile Include="include\lua5_1_2\src\lstrlib.c">
      <Filter>Source Files</Filter>
    </ClCompile>
    <ClCompile Include="include\lua5_1_2\src\ltable.c">
      <Filter>Source Files</Filter>
    </ClCompile>
    <ClCompile Include="include\lua5_1_2\src\ltablib.c">
      <Filter>Source Files</Filter>
    </ClCompile>
    <ClCompile Include="include\lua5_1_2\src\ltm.c">
      <Filter>Source Files</Filter>
    </ClCompile>
    <ClCompile Include="Source\horizon\script\luaDefs.cpp">
      <Filter>Source Files</Filter>
    </ClCompile>
    <ClCompile Include="include\lua5_1_2\src\lundump.c">
      <Filter>Source Files</Filter>
    </ClCompile>
    <ClCompile Include="include\lua5_1_2\src\lvm.c">
      <Filter>Source Files</Filter>
    </ClCompile>
    <ClCompile Include="include\lua5_1_2\src\lzio.c">
      <Filter>Source Files</Filter>
    </ClCompile>
    <ClCompile Include="Source\horizon\util\Matrix.cpp">
      <Filter>Source Files</Filter>
    </ClCompile>
    <ClCompile Include="Source\horizon\util\matrixIndex.cpp">
      <Filter>Source Files</Filter>
    </ClCompile>
    <ClCompile Include="Source\horizon\constraints\maxBatteryDOD.cpp">
      <Filter>Source Files</Filter>
    </ClCompile>
    <ClCompile Include="Source\horizon\constraints\maxDataBuffer.cpp">
      <Filter>Source Files</Filter>
    </ClCompile>
    <ClCompile Include="Source\horizon\MultiThreadedScheduler.cpp">
      <Filter>Source Files</Filter>
    </ClCompile>
    <ClCompile Include="Source\horizon\net\NetworkDataClient.cpp">
      <Filter>Source Files</Filter>
    </ClCompile>
    <ClCompile Include="Source\horizon\net\sub\NetworkedSubsystem.cpp">
      <Filter>Source Files</Filter>
    </ClCompile>
    <ClCompile Include="Source\horizon\sub\dep\NodeDependencies.cpp">
      <Filter>Source Files</Filter>
    </ClCompile>
    <ClCompile Include="include\luabind\src\object_rep.cpp">
      <Filter>Source Files</Filter>
    </ClCompile>
    <ClCompile Include="include\luabind\src\open.cpp">
      <Filter>Source Files</Filter>
    </ClCompile>
    <ClCompile Include="Source\horizon\util\eoms\orbital_EOMS.cpp">
      <Filter>Source Files</Filter>
    </ClCompile>
    <ClCompile Include="Source\horizon\util\eoms\orbital_EOMS_J2.cpp">
      <Filter>Source Files</Filter>
    </ClCompile>
    <ClCompile Include="Source\horizon\util\eoms\orbital_EOMS_TEST.cpp">
      <Filter>Source Files</Filter>
    </ClCompile>
    <ClCompile Include="include\luabind\src\overload_rep.cpp">
      <Filter>Source Files</Filter>
    </ClCompile>
    <ClCompile Include="include\luabind\src\pcall.cpp">
      <Filter>Source Files</Filter>
    </ClCompile>
    <ClCompile Include="Source\horizon\util\eoms\polyEOMSInput.cpp">
      <Filter>Source Files</Filter>
    </ClCompile>
    <ClCompile Include="Source\horizon\geom\Position.cpp">
      <Filter>Source Files</Filter>
    </ClCompile>
    <ClCompile Include="Source\horizon\sub\Power.cpp">
      <Filter>Source Files</Filter>
    </ClCompile>
    <ClCompile Include="include\lua5_1_2\src\print.c">
      <Filter>Source Files</Filter>
    </ClCompile>
    <ClCompile Include="Source\horizon\eval\QuantitativeScheduleEvaluator.cpp">
      <Filter>Source Files</Filter>
    </ClCompile>
    <ClCompile Include="Source\horizon\util\Quat.cpp">
      <Filter>Source Files</Filter>
    </ClCompile>
    <ClCompile Include="include\luabind\src\ref.cpp">
      <Filter>Source Files</Filter>
    </ClCompile>
    <ClCompile Include="Source\horizon\script\register.cpp">
      <Filter>Source Files</Filter>
    </ClCompile>
    <ClCompile Include="Source\schedParams.cpp">
      <Filter>Source Files</Filter>
    </ClCompile>
    <ClCompile Include="Source\horizon\io\scheduleDataWriter.cpp">
      <Filter>Source Files</Filter>
    </ClCompile>
    <ClCompile Include="Source\horizon\eval\ScheduleEvaluator.cpp">
      <Filter>Source Files</Filter>
    </ClCompile>
    <ClCompile Include="Source\horizon\util\adapt\ScheduleEvaluatorAdapter.cpp">
      <Filter>Source Files</Filter>
    </ClCompile>
    <ClCompile Include="Source\horizon\Scheduler.cpp">
      <Filter>Source Files</Filter>
    </ClCompile>
    <ClCompile Include="include\luabind\src\scope.cpp">
      <Filter>Source Files</Filter>
    </ClCompile>
    <ClCompile Include="Source\horizon\util\eoms\ScriptedEOMS.cpp">
      <Filter>Source Files</Filter>
    </ClCompile>
    <ClCompile Include="Source\horizon\script\ScriptedObject.cpp">
      <Filter>Source Files</Filter>
    </ClCompile>
    <ClCompile Include="Source\horizon\eval\ScriptedScheduleEvaluator.cpp">
      <Filter>Source Files</Filter>
    </ClCompile>
    <ClCompile Include="Source\horizon\sub\script\ScriptedSubsystem.cpp">
      <Filter>Source Files</Filter>
    </ClCompile>
    <ClCompile Include="Source\horizon\script\ScriptingUtil.cpp">
      <Filter>Source Files</Filter>
    </ClCompile>
    <ClCompile Include="Source\horizon\net\sockets\Socket.cpp">
      <Filter>Source Files</Filter>
    </ClCompile>
    <ClCompile Include="Source\horizon\net\sockets\SocketClient.cpp">
      <Filter>Source Files</Filter>
    </ClCompile>
    <ClCompile Include="Source\horizon\sub\Ssdr.cpp">
      <Filter>Source Files</Filter>
    </ClCompile>
    <ClCompile Include="include\luabind\src\stack_content_by_name.cpp">
      <Filter>Source Files</Filter>
    </ClCompile>
    <ClCompile Include="Source\horizon\State.cpp">
      <Filter>Source Files</Filter>
    </ClCompile>
    <ClCompile Include="Source\horizon\util\eoms\stateSpace_EOMS.cpp">
      <Filter>Source Files</Filter>
    </ClCompile>
    <ClCompile Include="Source\horizon\net\sub\SubServerMessage.cpp">
      <Filter>Source Files</Filter>
    </ClCompile>
    <ClCompile Include="Source\horizon\Subsystem.cpp">
      <Filter>Source Files</Filter>
    </ClCompile>
    <ClCompile Include="Source\horizon\util\adapt\SubsystemAdapter.cpp">
      <Filter>Source Files</Filter>
    </ClCompile>
    <ClCompile Include="Source\horizon\SubsystemNode.cpp">
      <Filter>Source Files</Filter>
    </ClCompile>
    <ClCompile Include="Source\horizon\sub\script\SubsystemParameters.cpp">
      <Filter>Source Files</Filter>
    </ClCompile>
    <ClCompile Include="Source\horizon\geom\Sun.cpp">
      <Filter>Source Files</Filter>
    </ClCompile>
    <ClCompile Include="Source\horizon\System.cpp">
      <Filter>Source Files</Filter>
    </ClCompile>
    <ClCompile Include="Source\horizon\systemSchedule.cpp">
      <Filter>Source Files</Filter>
    </ClCompile>
    <ClCompile Include="Source\horizon\Target.cpp">
      <Filter>Source Files</Filter>
    </ClCompile>
    <ClCompile Include="Source\horizon\eval\TargetValueScheduleEvaluator.cpp">
      <Filter>Source Files</Filter>
    </ClCompile>
    <ClCompile Include="Source\horizon\Task.cpp">
      <Filter>Source Files</Filter>
    </ClCompile>
    <ClCompile Include="Source\horizon\util\umath.cpp">
      <Filter>Source Files</Filter>
    </ClCompile>
    <ClCompile Include="Source\horizon\util\util.cpp">
      <Filter>Source Files</Filter>
    </ClCompile>
    <ClCompile Include="include\luabind\src\weak_ref.cpp">
      <Filter>Source Files</Filter>
    </ClCompile>
    <ClCompile Include="include\luabind\src\wrapper_base.cpp">
      <Filter>Source Files</Filter>
    </ClCompile>
    <ClCompile Include="Source\horizon\io\xml\xmlDataWriter.cpp">
      <Filter>Source Files</Filter>
    </ClCompile>
    <ClCompile Include="Source\horizon\io\xml\xmlNode.cpp">
      <Filter>Source Files</Filter>
    </ClCompile>
    <ClCompile Include="Source\horizon\io\xmlParser.cpp">
      <Filter>Source Files</Filter>
    </ClCompile>
    <ClCompile Include="Source\HorizonMain.cpp">
      <Filter>Source Files</Filter>
    </ClCompile>
  </ItemGroup>
  <ItemGroup>
    <None Include="old\debug\BuildLog.htm" />
  </ItemGroup>
  <ItemGroup>
    <CustomBuildStep Include="Profiler\DbgProfiler.h">
      <Filter>Header Files</Filter>
    </CustomBuildStep>
  </ItemGroup>
</Project>